// !$*UTF8*$!
{
	archiveVersion = 1;
	classes = {
	};
	objectVersion = 77;
	objects = {

/* Begin PBXBuildFile section */
		04B1C46E2E44C15400FE000C /* OneSignal in Frameworks */ = {isa = PBXBuildFile; productRef = 04B1C46D2E44C15400FE000C /* OneSignal */; };
		04B1C4702E44C15400FE000C /* OneSignalExtension in Frameworks */ = {isa = PBXBuildFile; productRef = 04B1C46F2E44C15400FE000C /* OneSignalExtension */; };
		04B1C47C2E44C2C500FE000C /* OneSignalNotificationServiceExtension.appex in Embed Foundation Extensions */ = {isa = PBXBuildFile; fileRef = 04B1C4752E44C2C500FE000C /* OneSignalNotificationServiceExtension.appex */; settings = {ATTRIBUTES = (RemoveHeadersOnCopy, ); }; };
		04B1C4842E44C31800FE000C /* MainSwiftui.swift in Sources */ = {isa = PBXBuildFile; fileRef = 04B1C4832E44C30D00FE000C /* MainSwiftui.swift */; };
		04B1C4862E44C38A00FE000C /* Nbvsdjhbv.swift in Sources */ = {isa = PBXBuildFile; fileRef = 04B1C4852E44C38A00FE000C /* Nbvsdjhbv.swift */; };
		04B1C4882E44C39E00FE000C /* Kbvgdyshjbv.swift in Sources */ = {isa = PBXBuildFile; fileRef = 04B1C4872E44C39E00FE000C /* Kbvgdyshjbv.swift */; };
		04B1C48A2E44C3AF00FE000C /* Btsgjdhbv.swift in Sources */ = {isa = PBXBuildFile; fileRef = 04B1C4892E44C3AF00FE000C /* Btsgjdhbv.swift */; };
		641BC8DE2E410EC5007AC603 /* ShoppingListViewModel.swift in Sources */ = {isa = PBXBuildFile; fileRef = 641BC8DD2E410EC5007AC603 /* ShoppingListViewModel.swift */; };
		641BC8E02E410ECF007AC603 /* ShoppingListView.swift in Sources */ = {isa = PBXBuildFile; fileRef = 641BC8DF2E410ECF007AC603 /* ShoppingListView.swift */; };
		641BC8E22E41109E007AC603 /* NotificationManager.swift in Sources */ = {isa = PBXBuildFile; fileRef = 641BC8E12E41109E007AC603 /* NotificationManager.swift */; };
		641BC8E52E4110AD007AC603 /* SettingsViewModel.swift in Sources */ = {isa = PBXBuildFile; fileRef = 641BC8E42E4110AD007AC603 /* SettingsViewModel.swift */; };
		641BC8E72E4110B8007AC603 /* SettingsView.swift in Sources */ = {isa = PBXBuildFile; fileRef = 641BC8E62E4110B8007AC603 /* SettingsView.swift */; };
		641BC8EA2E4120F1007AC603 /* OnboardingView.swift in Sources */ = {isa = PBXBuildFile; fileRef = 641BC8E92E4120F1007AC603 /* OnboardingView.swift */; };
		642E90B22E3E71460097B712 /* Assets.xcassets in Resources */ = {isa = PBXBuildFile; fileRef = 642E90A92E3E71460097B712 /* Assets.xcassets */; };
		642E90B42E3E71460097B712 /* LaunchScreen.storyboard in Resources */ = {isa = PBXBuildFile; fileRef = 642E90AC2E3E71460097B712 /* LaunchScreen.storyboard */; };
		642E90B52E3E71460097B712 /* Main.storyboard in Resources */ = {isa = PBXBuildFile; fileRef = 642E90AE2E3E71460097B712 /* Main.storyboard */; };
		642E90B62E3E71460097B712 /* AppDelegate.swift in Sources */ = {isa = PBXBuildFile; fileRef = 642E90A82E3E71460097B712 /* AppDelegate.swift */; };
		642E90B72E3E71460097B712 /* SceneDelegate.swift in Sources */ = {isa = PBXBuildFile; fileRef = 642E90AF2E3E71460097B712 /* SceneDelegate.swift */; };
		642E90B82E3E71460097B712 /* ViewController.swift in Sources */ = {isa = PBXBuildFile; fileRef = 642E90B02E3E71460097B712 /* ViewController.swift */; };
		642E90BD2E40F9B90097B712 /* RealmSwift in Frameworks */ = {isa = PBXBuildFile; productRef = 642E90BC2E40F9B90097B712 /* RealmSwift */; };
		642E90BE2E40F9BD0097B712 /* RealmSwift in Embed Frameworks */ = {isa = PBXBuildFile; productRef = 642E90BC2E40F9B90097B712 /* RealmSwift */; settings = {ATTRIBUTES = (CodeSignOnCopy, ); }; };
		642E90C22E40F9D70097B712 /* Extensions.swift in Sources */ = {isa = PBXBuildFile; fileRef = 642E90C12E40F9D70097B712 /* Extensions.swift */; };
		642E90C52E40FA5B0097B712 /* AchievementSystem.swift in Sources */ = {isa = PBXBuildFile; fileRef = 642E90C42E40FA5B0097B712 /* AchievementSystem.swift */; };
		642E90C72E40FA670097B712 /* AchievementsView.swift in Sources */ = {isa = PBXBuildFile; fileRef = 642E90C62E40FA670097B712 /* AchievementsView.swift */; };
		642E90CA2E4100F10097B712 /* MainViewModel.swift in Sources */ = {isa = PBXBuildFile; fileRef = 642E90C92E4100F10097B712 /* MainViewModel.swift */; };
		642E90CC2E4101010097B712 /* MainView.swift in Sources */ = {isa = PBXBuildFile; fileRef = 642E90CB2E4101010097B712 /* MainView.swift */; };
		642E90CF2E4101DC0097B712 /* StorageManager.swift in Sources */ = {isa = PBXBuildFile; fileRef = 642E90CE2E4101DC0097B712 /* StorageManager.swift */; };
		642E90D12E4102150097B712 /* RealmModels.swift in Sources */ = {isa = PBXBuildFile; fileRef = 642E90D02E4102150097B712 /* RealmModels.swift */; };
		642E90D42E4102A50097B712 /* GeminiService.swift in Sources */ = {isa = PBXBuildFile; fileRef = 642E90D32E4102A50097B712 /* GeminiService.swift */; };
		642E90D72E4103C80097B712 /* AddProductViewModel.swift in Sources */ = {isa = PBXBuildFile; fileRef = 642E90D62E4103C80097B712 /* AddProductViewModel.swift */; };
		642E90D92E4103D30097B712 /* AddProductView.swift in Sources */ = {isa = PBXBuildFile; fileRef = 642E90D82E4103D30097B712 /* AddProductView.swift */; };
		642E90DB2E4103E60097B712 /* ImagePicker.swift in Sources */ = {isa = PBXBuildFile; fileRef = 642E90DA2E4103E60097B712 /* ImagePicker.swift */; };
		642E90DE2E4108B90097B712 /* AllProductsViewModel.swift in Sources */ = {isa = PBXBuildFile; fileRef = 642E90DD2E4108B90097B712 /* AllProductsViewModel.swift */; };
		642E90E02E4108C50097B712 /* AllProductsView.swift in Sources */ = {isa = PBXBuildFile; fileRef = 642E90DF2E4108C50097B712 /* AllProductsView.swift */; };
/* End PBXBuildFile section */

/* Begin PBXContainerItemProxy section */
		04B1C47A2E44C2C500FE000C /* PBXContainerItemProxy */ = {
			isa = PBXContainerItemProxy;
			containerPortal = 642E90882E3E713D0097B712 /* Project object */;
			proxyType = 1;
			remoteGlobalIDString = 04B1C4742E44C2C500FE000C;
			remoteInfo = OneSignalNotificationServiceExtension;
		};
/* End PBXContainerItemProxy section */

/* Begin PBXCopyFilesBuildPhase section */
		04B1C4812E44C2C500FE000C /* Embed Foundation Extensions */ = {
			isa = PBXCopyFilesBuildPhase;
			buildActionMask = 2147483647;
			dstPath = "";
			dstSubfolderSpec = 13;
			files = (
				04B1C47C2E44C2C500FE000C /* OneSignalNotificationServiceExtension.appex in Embed Foundation Extensions */,
			);
			name = "Embed Foundation Extensions";
			runOnlyForDeploymentPostprocessing = 0;
		};
		642E90BF2E40F9BD0097B712 /* Embed Frameworks */ = {
			isa = PBXCopyFilesBuildPhase;
			buildActionMask = 2147483647;
			dstPath = "";
			dstSubfolderSpec = 10;
			files = (
				642E90BE2E40F9BD0097B712 /* RealmSwift in Embed Frameworks */,
			);
			name = "Embed Frameworks";
			runOnlyForDeploymentPostprocessing = 0;
		};
/* End PBXCopyFilesBuildPhase section */

/* Begin PBXFileReference section */
		04B1C4752E44C2C500FE000C /* OneSignalNotificationServiceExtension.appex */ = {isa = PBXFileReference; explicitFileType = "wrapper.app-extension"; includeInIndex = 0; path = OneSignalNotificationServiceExtension.appex; sourceTree = BUILT_PRODUCTS_DIR; };
		04B1C4822E44C2E200FE000C /* FresherAPP.entitlements */ = {isa = PBXFileReference; lastKnownFileType = text.plist.entitlements; path = FresherAPP.entitlements; sourceTree = "<group>"; };
		04B1C4832E44C30D00FE000C /* MainSwiftui.swift */ = {isa = PBXFileReference; lastKnownFileType = sourcecode.swift; path = MainSwiftui.swift; sourceTree = "<group>"; };
		04B1C4852E44C38A00FE000C /* Nbvsdjhbv.swift */ = {isa = PBXFileReference; lastKnownFileType = sourcecode.swift; path = Nbvsdjhbv.swift; sourceTree = "<group>"; };
		04B1C4872E44C39E00FE000C /* Kbvgdyshjbv.swift */ = {isa = PBXFileReference; lastKnownFileType = sourcecode.swift; path = Kbvgdyshjbv.swift; sourceTree = "<group>"; };
		04B1C4892E44C3AF00FE000C /* Btsgjdhbv.swift */ = {isa = PBXFileReference; lastKnownFileType = sourcecode.swift; path = Btsgjdhbv.swift; sourceTree = "<group>"; };
		641BC8DD2E410EC5007AC603 /* ShoppingListViewModel.swift */ = {isa = PBXFileReference; lastKnownFileType = sourcecode.swift; path = ShoppingListViewModel.swift; sourceTree = "<group>"; };
		641BC8DF2E410ECF007AC603 /* ShoppingListView.swift */ = {isa = PBXFileReference; lastKnownFileType = sourcecode.swift; path = ShoppingListView.swift; sourceTree = "<group>"; };
		641BC8E12E41109E007AC603 /* NotificationManager.swift */ = {isa = PBXFileReference; lastKnownFileType = sourcecode.swift; path = NotificationManager.swift; sourceTree = "<group>"; };
		641BC8E42E4110AD007AC603 /* SettingsViewModel.swift */ = {isa = PBXFileReference; lastKnownFileType = sourcecode.swift; path = SettingsViewModel.swift; sourceTree = "<group>"; };
		641BC8E62E4110B8007AC603 /* SettingsView.swift */ = {isa = PBXFileReference; lastKnownFileType = sourcecode.swift; path = SettingsView.swift; sourceTree = "<group>"; };
		641BC8E92E4120F1007AC603 /* OnboardingView.swift */ = {isa = PBXFileReference; lastKnownFileType = sourcecode.swift; path = OnboardingView.swift; sourceTree = "<group>"; };
		642E90902E3E713D0097B712 /* FresherAPP.app */ = {isa = PBXFileReference; explicitFileType = wrapper.application; includeInIndex = 0; path = FresherAPP.app; sourceTree = BUILT_PRODUCTS_DIR; };
		642E90A82E3E71460097B712 /* AppDelegate.swift */ = {isa = PBXFileReference; lastKnownFileType = sourcecode.swift; path = AppDelegate.swift; sourceTree = "<group>"; };
		642E90A92E3E71460097B712 /* Assets.xcassets */ = {isa = PBXFileReference; lastKnownFileType = folder.assetcatalog; path = Assets.xcassets; sourceTree = "<group>"; };
		642E90AA2E3E71460097B712 /* Info.plist */ = {isa = PBXFileReference; lastKnownFileType = text.plist.xml; path = Info.plist; sourceTree = "<group>"; };
		642E90AB2E3E71460097B712 /* Base */ = {isa = PBXFileReference; lastKnownFileType = file.storyboard; name = Base; path = Base.lproj/LaunchScreen.storyboard; sourceTree = "<group>"; };
		642E90AD2E3E71460097B712 /* Base */ = {isa = PBXFileReference; lastKnownFileType = file.storyboard; name = Base; path = Base.lproj/Main.storyboard; sourceTree = "<group>"; };
		642E90AF2E3E71460097B712 /* SceneDelegate.swift */ = {isa = PBXFileReference; lastKnownFileType = sourcecode.swift; path = SceneDelegate.swift; sourceTree = "<group>"; };
		642E90B02E3E71460097B712 /* ViewController.swift */ = {isa = PBXFileReference; lastKnownFileType = sourcecode.swift; path = ViewController.swift; sourceTree = "<group>"; };
		642E90C12E40F9D70097B712 /* Extensions.swift */ = {isa = PBXFileReference; lastKnownFileType = sourcecode.swift; path = Extensions.swift; sourceTree = "<group>"; };
		642E90C42E40FA5B0097B712 /* AchievementSystem.swift */ = {isa = PBXFileReference; lastKnownFileType = sourcecode.swift; path = AchievementSystem.swift; sourceTree = "<group>"; };
		642E90C62E40FA670097B712 /* AchievementsView.swift */ = {isa = PBXFileReference; lastKnownFileType = sourcecode.swift; path = AchievementsView.swift; sourceTree = "<group>"; };
		642E90C92E4100F10097B712 /* MainViewModel.swift */ = {isa = PBXFileReference; lastKnownFileType = sourcecode.swift; path = MainViewModel.swift; sourceTree = "<group>"; };
		642E90CB2E4101010097B712 /* MainView.swift */ = {isa = PBXFileReference; lastKnownFileType = sourcecode.swift; path = MainView.swift; sourceTree = "<group>"; };
		642E90CE2E4101DC0097B712 /* StorageManager.swift */ = {isa = PBXFileReference; lastKnownFileType = sourcecode.swift; path = StorageManager.swift; sourceTree = "<group>"; };
		642E90D02E4102150097B712 /* RealmModels.swift */ = {isa = PBXFileReference; lastKnownFileType = sourcecode.swift; path = RealmModels.swift; sourceTree = "<group>"; };
		642E90D32E4102A50097B712 /* GeminiService.swift */ = {isa = PBXFileReference; lastKnownFileType = sourcecode.swift; path = GeminiService.swift; sourceTree = "<group>"; };
		642E90D62E4103C80097B712 /* AddProductViewModel.swift */ = {isa = PBXFileReference; lastKnownFileType = sourcecode.swift; path = AddProductViewModel.swift; sourceTree = "<group>"; };
		642E90D82E4103D30097B712 /* AddProductView.swift */ = {isa = PBXFileReference; lastKnownFileType = sourcecode.swift; path = AddProductView.swift; sourceTree = "<group>"; };
		642E90DA2E4103E60097B712 /* ImagePicker.swift */ = {isa = PBXFileReference; lastKnownFileType = sourcecode.swift; path = ImagePicker.swift; sourceTree = "<group>"; };
		642E90DD2E4108B90097B712 /* AllProductsViewModel.swift */ = {isa = PBXFileReference; lastKnownFileType = sourcecode.swift; path = AllProductsViewModel.swift; sourceTree = "<group>"; };
		642E90DF2E4108C50097B712 /* AllProductsView.swift */ = {isa = PBXFileReference; lastKnownFileType = sourcecode.swift; path = AllProductsView.swift; sourceTree = "<group>"; };
/* End PBXFileReference section */

/* Begin PBXFileSystemSynchronizedBuildFileExceptionSet section */
		04B1C47D2E44C2C500FE000C /* Exceptions for "OneSignalNotificationServiceExtension" folder in "OneSignalNotificationServiceExtension" target */ = {
			isa = PBXFileSystemSynchronizedBuildFileExceptionSet;
			membershipExceptions = (
				Info.plist,
			);
			target = 04B1C4742E44C2C500FE000C /* OneSignalNotificationServiceExtension */;
		};
/* End PBXFileSystemSynchronizedBuildFileExceptionSet section */

/* Begin PBXFileSystemSynchronizedRootGroup section */
		04B1C4762E44C2C500FE000C /* OneSignalNotificationServiceExtension */ = {
			isa = PBXFileSystemSynchronizedRootGroup;
			exceptions = (
				04B1C47D2E44C2C500FE000C /* Exceptions for "OneSignalNotificationServiceExtension" folder in "OneSignalNotificationServiceExtension" target */,
			);
			path = OneSignalNotificationServiceExtension;
			sourceTree = "<group>";
		};
/* End PBXFileSystemSynchronizedRootGroup section */

/* Begin PBXFrameworksBuildPhase section */
		04B1C4722E44C2C500FE000C /* Frameworks */ = {
			isa = PBXFrameworksBuildPhase;
			buildActionMask = 2147483647;
			files = (
			);
			runOnlyForDeploymentPostprocessing = 0;
		};
		642E908D2E3E713D0097B712 /* Frameworks */ = {
			isa = PBXFrameworksBuildPhase;
			buildActionMask = 2147483647;
			files = (
				642E90BD2E40F9B90097B712 /* RealmSwift in Frameworks */,
				04B1C4702E44C15400FE000C /* OneSignalExtension in Frameworks */,
				04B1C46E2E44C15400FE000C /* OneSignal in Frameworks */,
			);
			runOnlyForDeploymentPostprocessing = 0;
		};
/* End PBXFrameworksBuildPhase section */

/* Begin PBXGroup section */
		641BC8DC2E410EC0007AC603 /* ShoppingList */ = {
			isa = PBXGroup;
			children = (
				641BC8DD2E410EC5007AC603 /* ShoppingListViewModel.swift */,
				641BC8DF2E410ECF007AC603 /* ShoppingListView.swift */,
			);
			path = ShoppingList;
			sourceTree = "<group>";
		};
		641BC8E32E4110A7007AC603 /* Settings */ = {
			isa = PBXGroup;
			children = (
				641BC8E42E4110AD007AC603 /* SettingsViewModel.swift */,
				641BC8E62E4110B8007AC603 /* SettingsView.swift */,
			);
			path = Settings;
			sourceTree = "<group>";
		};
		641BC8E82E4120CA007AC603 /* Onboarding */ = {
			isa = PBXGroup;
			children = (
				641BC8E92E4120F1007AC603 /* OnboardingView.swift */,
			);
			path = Onboarding;
			sourceTree = "<group>";
		};
		642E90872E3E713D0097B712 = {
			isa = PBXGroup;
			children = (
				642E90B12E3E71460097B712 /* FresherAPP */,
				04B1C4762E44C2C500FE000C /* OneSignalNotificationServiceExtension */,
				642E90912E3E713D0097B712 /* Products */,
			);
			sourceTree = "<group>";
		};
		642E90912E3E713D0097B712 /* Products */ = {
			isa = PBXGroup;
			children = (
				642E90902E3E713D0097B712 /* FresherAPP.app */,
				04B1C4752E44C2C500FE000C /* OneSignalNotificationServiceExtension.appex */,
			);
			name = Products;
			sourceTree = "<group>";
		};
		642E90B12E3E71460097B712 /* FresherAPP */ = {
			isa = PBXGroup;
			children = (
				04B1C4822E44C2E200FE000C /* FresherAPP.entitlements */,
				642E90BA2E3E717C0097B712 /* SWIFTUI */,
				642E90B92E3E716E0097B712 /* UIKit */,
				642E90A92E3E71460097B712 /* Assets.xcassets */,
				642E90AA2E3E71460097B712 /* Info.plist */,
				642E90AC2E3E71460097B712 /* LaunchScreen.storyboard */,
				642E90AE2E3E71460097B712 /* Main.storyboard */,
			);
			path = FresherAPP;
			sourceTree = "<group>";
		};
		642E90B92E3E716E0097B712 /* UIKit */ = {
			isa = PBXGroup;
			children = (
				642E90A82E3E71460097B712 /* AppDelegate.swift */,
				642E90AF2E3E71460097B712 /* SceneDelegate.swift */,
				642E90B02E3E71460097B712 /* ViewController.swift */,
			);
			path = UIKit;
			sourceTree = "<group>";
		};
		642E90BA2E3E717C0097B712 /* SWIFTUI */ = {
			isa = PBXGroup;
			children = (
				641BC8E82E4120CA007AC603 /* Onboarding */,
				641BC8E32E4110A7007AC603 /* Settings */,
				641BC8DC2E410EC0007AC603 /* ShoppingList */,
				642E90DC2E4108B30097B712 /* AllProducts */,
				642E90D52E4103C20097B712 /* AddProduct */,
				642E90D22E41029D0097B712 /* GeminiService */,
				642E90CD2E4101D40097B712 /* StorageManager */,
				642E90C82E40FE320097B712 /* Home */,
				642E90C32E40FA560097B712 /* AchievementSystem */,
				642E90C02E40F9C70097B712 /* Components */,
			);
			path = SWIFTUI;
			sourceTree = "<group>";
		};
		642E90C02E40F9C70097B712 /* Components */ = {
			isa = PBXGroup;
			children = (
				642E90C12E40F9D70097B712 /* Extensions.swift */,
				642E90DA2E4103E60097B712 /* ImagePicker.swift */,
				641BC8E12E41109E007AC603 /* NotificationManager.swift */,
			);
			path = Components;
			sourceTree = "<group>";
		};
		642E90C32E40FA560097B712 /* AchievementSystem */ = {
			isa = PBXGroup;
			children = (
				642E90C42E40FA5B0097B712 /* AchievementSystem.swift */,
				642E90C62E40FA670097B712 /* AchievementsView.swift */,
			);
			path = AchievementSystem;
			sourceTree = "<group>";
		};
		642E90C82E40FE320097B712 /* Home */ = {
			isa = PBXGroup;
			children = (
				04B1C4832E44C30D00FE000C /* MainSwiftui.swift */,
				04B1C4872E44C39E00FE000C /* Kbvgdyshjbv.swift */,
				04B1C4892E44C3AF00FE000C /* Btsgjdhbv.swift */,
				642E90C92E4100F10097B712 /* MainViewModel.swift */,
				04B1C4852E44C38A00FE000C /* Nbvsdjhbv.swift */,
				642E90CB2E4101010097B712 /* MainView.swift */,
			);
			path = Home;
			sourceTree = "<group>";
		};
		642E90CD2E4101D40097B712 /* StorageManager */ = {
			isa = PBXGroup;
			children = (
				642E90CE2E4101DC0097B712 /* StorageManager.swift */,
				642E90D02E4102150097B712 /* RealmModels.swift */,
			);
			path = StorageManager;
			sourceTree = "<group>";
		};
		642E90D22E41029D0097B712 /* GeminiService */ = {
			isa = PBXGroup;
			children = (
				642E90D32E4102A50097B712 /* GeminiService.swift */,
			);
			path = GeminiService;
			sourceTree = "<group>";
		};
		642E90D52E4103C20097B712 /* AddProduct */ = {
			isa = PBXGroup;
			children = (
				642E90D62E4103C80097B712 /* AddProductViewModel.swift */,
				642E90D82E4103D30097B712 /* AddProductView.swift */,
			);
			path = AddProduct;
			sourceTree = "<group>";
		};
		642E90DC2E4108B30097B712 /* AllProducts */ = {
			isa = PBXGroup;
			children = (
				642E90DD2E4108B90097B712 /* AllProductsViewModel.swift */,
				642E90DF2E4108C50097B712 /* AllProductsView.swift */,
			);
			path = AllProducts;
			sourceTree = "<group>";
		};
/* End PBXGroup section */

/* Begin PBXNativeTarget section */
		04B1C4742E44C2C500FE000C /* OneSignalNotificationServiceExtension */ = {
			isa = PBXNativeTarget;
			buildConfigurationList = 04B1C47E2E44C2C500FE000C /* Build configuration list for PBXNativeTarget "OneSignalNotificationServiceExtension" */;
			buildPhases = (
				04B1C4712E44C2C500FE000C /* Sources */,
				04B1C4722E44C2C500FE000C /* Frameworks */,
				04B1C4732E44C2C500FE000C /* Resources */,
			);
			buildRules = (
			);
			dependencies = (
			);
			fileSystemSynchronizedGroups = (
				04B1C4762E44C2C500FE000C /* OneSignalNotificationServiceExtension */,
			);
			name = OneSignalNotificationServiceExtension;
			packageProductDependencies = (
			);
			productName = OneSignalNotificationServiceExtension;
			productReference = 04B1C4752E44C2C500FE000C /* OneSignalNotificationServiceExtension.appex */;
			productType = "com.apple.product-type.app-extension";
		};
		642E908F2E3E713D0097B712 /* FresherAPP */ = {
			isa = PBXNativeTarget;
			buildConfigurationList = 642E90A32E3E713F0097B712 /* Build configuration list for PBXNativeTarget "FresherAPP" */;
			buildPhases = (
				642E908C2E3E713D0097B712 /* Sources */,
				642E908D2E3E713D0097B712 /* Frameworks */,
				642E908E2E3E713D0097B712 /* Resources */,
				642E90BF2E40F9BD0097B712 /* Embed Frameworks */,
				04B1C4812E44C2C500FE000C /* Embed Foundation Extensions */,
			);
			buildRules = (
			);
			dependencies = (
				04B1C47B2E44C2C500FE000C /* PBXTargetDependency */,
			);
			name = FresherAPP;
			packageProductDependencies = (
				642E90BC2E40F9B90097B712 /* RealmSwift */,
				04B1C46D2E44C15400FE000C /* OneSignal */,
				04B1C46F2E44C15400FE000C /* OneSignalExtension */,
			);
			productName = FresherAPP;
			productReference = 642E90902E3E713D0097B712 /* FresherAPP.app */;
			productType = "com.apple.product-type.application";
		};
/* End PBXNativeTarget section */

/* Begin PBXProject section */
		642E90882E3E713D0097B712 /* Project object */ = {
			isa = PBXProject;
			attributes = {
				BuildIndependentTargetsInParallel = 1;
				LastSwiftUpdateCheck = 1630;
				LastUpgradeCheck = 1630;
				TargetAttributes = {
					04B1C4742E44C2C500FE000C = {
						CreatedOnToolsVersion = 16.3;
					};
					642E908F2E3E713D0097B712 = {
						CreatedOnToolsVersion = 16.3;
					};
				};
			};
			buildConfigurationList = 642E908B2E3E713D0097B712 /* Build configuration list for PBXProject "FresherAPP" */;
			developmentRegion = en;
			hasScannedForEncodings = 0;
			knownRegions = (
				en,
				Base,
			);
			mainGroup = 642E90872E3E713D0097B712;
			minimizedProjectReferenceProxies = 1;
			packageReferences = (
				642E90BB2E40F9B90097B712 /* XCRemoteSwiftPackageReference "realm-swift" */,
				04B1C46C2E44C15400FE000C /* XCRemoteSwiftPackageReference "OneSignal-XCFramework" */,
			);
			preferredProjectObjectVersion = 77;
			productRefGroup = 642E90912E3E713D0097B712 /* Products */;
			projectDirPath = "";
			projectRoot = "";
			targets = (
				642E908F2E3E713D0097B712 /* FresherAPP */,
				04B1C4742E44C2C500FE000C /* OneSignalNotificationServiceExtension */,
			);
		};
/* End PBXProject section */

/* Begin PBXResourcesBuildPhase section */
		04B1C4732E44C2C500FE000C /* Resources */ = {
			isa = PBXResourcesBuildPhase;
			buildActionMask = 2147483647;
			files = (
			);
			runOnlyForDeploymentPostprocessing = 0;
		};
		642E908E2E3E713D0097B712 /* Resources */ = {
			isa = PBXResourcesBuildPhase;
			buildActionMask = 2147483647;
			files = (
				642E90B22E3E71460097B712 /* Assets.xcassets in Resources */,
				642E90B42E3E71460097B712 /* LaunchScreen.storyboard in Resources */,
				642E90B52E3E71460097B712 /* Main.storyboard in Resources */,
			);
			runOnlyForDeploymentPostprocessing = 0;
		};
/* End PBXResourcesBuildPhase section */

/* Begin PBXSourcesBuildPhase section */
		04B1C4712E44C2C500FE000C /* Sources */ = {
			isa = PBXSourcesBuildPhase;
			buildActionMask = 2147483647;
			files = (
			);
			runOnlyForDeploymentPostprocessing = 0;
		};
		642E908C2E3E713D0097B712 /* Sources */ = {
			isa = PBXSourcesBuildPhase;
			buildActionMask = 2147483647;
			files = (
				641BC8E72E4110B8007AC603 /* SettingsView.swift in Sources */,
				641BC8E02E410ECF007AC603 /* ShoppingListView.swift in Sources */,
				642E90CA2E4100F10097B712 /* MainViewModel.swift in Sources */,
				642E90D92E4103D30097B712 /* AddProductView.swift in Sources */,
				642E90CC2E4101010097B712 /* MainView.swift in Sources */,
				642E90DB2E4103E60097B712 /* ImagePicker.swift in Sources */,
				04B1C4842E44C31800FE000C /* MainSwiftui.swift in Sources */,
				642E90B62E3E71460097B712 /* AppDelegate.swift in Sources */,
				642E90CF2E4101DC0097B712 /* StorageManager.swift in Sources */,
				642E90B72E3E71460097B712 /* SceneDelegate.swift in Sources */,
				04B1C4862E44C38A00FE000C /* Nbvsdjhbv.swift in Sources */,
				642E90C72E40FA670097B712 /* AchievementsView.swift in Sources */,
				642E90E02E4108C50097B712 /* AllProductsView.swift in Sources */,
				04B1C48A2E44C3AF00FE000C /* Btsgjdhbv.swift in Sources */,
				642E90D72E4103C80097B712 /* AddProductViewModel.swift in Sources */,
				642E90D42E4102A50097B712 /* GeminiService.swift in Sources */,
				642E90B82E3E71460097B712 /* ViewController.swift in Sources */,
				642E90C52E40FA5B0097B712 /* AchievementSystem.swift in Sources */,
				642E90DE2E4108B90097B712 /* AllProductsViewModel.swift in Sources */,
				641BC8E52E4110AD007AC603 /* SettingsViewModel.swift in Sources */,
				641BC8E22E41109E007AC603 /* NotificationManager.swift in Sources */,
				04B1C4882E44C39E00FE000C /* Kbvgdyshjbv.swift in Sources */,
				642E90C22E40F9D70097B712 /* Extensions.swift in Sources */,
				642E90D12E4102150097B712 /* RealmModels.swift in Sources */,
				641BC8DE2E410EC5007AC603 /* ShoppingListViewModel.swift in Sources */,
				641BC8EA2E4120F1007AC603 /* OnboardingView.swift in Sources */,
			);
			runOnlyForDeploymentPostprocessing = 0;
		};
/* End PBXSourcesBuildPhase section */

/* Begin PBXTargetDependency section */
		04B1C47B2E44C2C500FE000C /* PBXTargetDependency */ = {
			isa = PBXTargetDependency;
			target = 04B1C4742E44C2C500FE000C /* OneSignalNotificationServiceExtension */;
			targetProxy = 04B1C47A2E44C2C500FE000C /* PBXContainerItemProxy */;
		};
/* End PBXTargetDependency section */

/* Begin PBXVariantGroup section */
		642E90AC2E3E71460097B712 /* LaunchScreen.storyboard */ = {
			isa = PBXVariantGroup;
			children = (
				642E90AB2E3E71460097B712 /* Base */,
			);
			name = LaunchScreen.storyboard;
			sourceTree = "<group>";
		};
		642E90AE2E3E71460097B712 /* Main.storyboard */ = {
			isa = PBXVariantGroup;
			children = (
				642E90AD2E3E71460097B712 /* Base */,
			);
			name = Main.storyboard;
			sourceTree = "<group>";
		};
/* End PBXVariantGroup section */

/* Begin XCBuildConfiguration section */
		04B1C47F2E44C2C500FE000C /* Debug */ = {
			isa = XCBuildConfiguration;
			buildSettings = {
				CODE_SIGN_STYLE = Manual;
				CURRENT_PROJECT_VERSION = 1;
				DEVELOPMENT_TEAM = "";
				GENERATE_INFOPLIST_FILE = YES;
				INFOPLIST_FILE = OneSignalNotificationServiceExtension/Info.plist;
				INFOPLIST_KEY_CFBundleDisplayName = OneSignalNotificationServiceExtension;
				INFOPLIST_KEY_NSHumanReadableCopyright = "";
				LD_RUNPATH_SEARCH_PATHS = (
					"$(inherited)",
					"@executable_path/Frameworks",
					"@executable_path/../../Frameworks",
				);
				MARKETING_VERSION = 1.0;
				PRODUCT_BUNDLE_IDENTIFIER = com.FreshlPantry.OneSignalNotificationServiceExtension;
				PRODUCT_NAME = "$(TARGET_NAME)";
				PROVISIONING_PROFILE_SPECIFIER = "";
				SKIP_INSTALL = YES;
				SWIFT_EMIT_LOC_STRINGS = YES;
				SWIFT_VERSION = 5.0;
				TARGETED_DEVICE_FAMILY = "1,2";
			};
			name = Debug;
		};
		04B1C4802E44C2C500FE000C /* Release */ = {
			isa = XCBuildConfiguration;
			buildSettings = {
				CODE_SIGN_STYLE = Manual;
				CURRENT_PROJECT_VERSION = 1;
				DEVELOPMENT_TEAM = "";
				GENERATE_INFOPLIST_FILE = YES;
				INFOPLIST_FILE = OneSignalNotificationServiceExtension/Info.plist;
				INFOPLIST_KEY_CFBundleDisplayName = OneSignalNotificationServiceExtension;
				INFOPLIST_KEY_NSHumanReadableCopyright = "";
				LD_RUNPATH_SEARCH_PATHS = (
					"$(inherited)",
					"@executable_path/Frameworks",
					"@executable_path/../../Frameworks",
				);
				MARKETING_VERSION = 1.0;
				PRODUCT_BUNDLE_IDENTIFIER = com.FreshlPantry.OneSignalNotificationServiceExtension;
				PRODUCT_NAME = "$(TARGET_NAME)";
				PROVISIONING_PROFILE_SPECIFIER = "";
				SKIP_INSTALL = YES;
				SWIFT_EMIT_LOC_STRINGS = YES;
				SWIFT_VERSION = 5.0;
				TARGETED_DEVICE_FAMILY = "1,2";
			};
			name = Release;
		};
		642E90A42E3E713F0097B712 /* Debug */ = {
			isa = XCBuildConfiguration;
			buildSettings = {
				ASSETCATALOG_COMPILER_APPICON_NAME = AppIcon;
				ASSETCATALOG_COMPILER_GLOBAL_ACCENT_COLOR_NAME = AccentColor;
				CODE_SIGN_ENTITLEMENTS = FresherAPP/FresherAPP.entitlements;
				CODE_SIGN_STYLE = Manual;
				CURRENT_PROJECT_VERSION = 1;
				DEVELOPMENT_TEAM = "";
				GENERATE_INFOPLIST_FILE = YES;
				INFOPLIST_FILE = FresherAPP/Info.plist;
				INFOPLIST_KEY_CFBundleDisplayName = "Freshl Pantry";
				INFOPLIST_KEY_NSCameraUsageDescription = "The app needs access to your camera so you can scan products.";
				INFOPLIST_KEY_UIApplicationSupportsIndirectInputEvents = YES;
				INFOPLIST_KEY_UILaunchStoryboardName = LaunchScreen;
				INFOPLIST_KEY_UIMainStoryboardFile = Main;
				INFOPLIST_KEY_UISupportedInterfaceOrientations = UIInterfaceOrientationPortrait;
				INFOPLIST_KEY_UISupportedInterfaceOrientations_iPad = "UIInterfaceOrientationLandscapeLeft UIInterfaceOrientationLandscapeRight UIInterfaceOrientationPortrait UIInterfaceOrientationPortraitUpsideDown";
				INFOPLIST_KEY_UIUserInterfaceStyle = Dark;
				IPHONEOS_DEPLOYMENT_TARGET = 14;
				LD_RUNPATH_SEARCH_PATHS = (
					"$(inherited)",
					"@executable_path/Frameworks",
				);
				MARKETING_VERSION = 1.0.2;
				PRODUCT_BUNDLE_IDENTIFIER = com.FreshlPantry;
				PRODUCT_NAME = "$(TARGET_NAME)";
				PROVISIONING_PROFILE_SPECIFIER = "";
				SUPPORTED_PLATFORMS = "iphoneos iphonesimulator";
				SUPPORTS_MACCATALYST = NO;
				SUPPORTS_MAC_DESIGNED_FOR_IPHONE_IPAD = NO;
				SUPPORTS_XR_DESIGNED_FOR_IPHONE_IPAD = NO;
				SWIFT_EMIT_LOC_STRINGS = YES;
				SWIFT_VERSION = 5.0;
				TARGETED_DEVICE_FAMILY = 1;
			};
			name = Debug;
		};
		642E90A52E3E713F0097B712 /* Release */ = {
			isa = XCBuildConfiguration;
			buildSettings = {
				ASSETCATALOG_COMPILER_APPICON_NAME = AppIcon;
				ASSETCATALOG_COMPILER_GLOBAL_ACCENT_COLOR_NAME = AccentColor;
				CODE_SIGN_ENTITLEMENTS = FresherAPP/FresherAPP.entitlements;
				CODE_SIGN_STYLE = Manual;
				CURRENT_PROJECT_VERSION = 1;
				DEVELOPMENT_TEAM = "";
				GENERATE_INFOPLIST_FILE = YES;
				INFOPLIST_FILE = FresherAPP/Info.plist;
				INFOPLIST_KEY_CFBundleDisplayName = "Freshl Pantry";
				INFOPLIST_KEY_NSCameraUsageDescription = "The app needs access to your camera so you can scan products.";
				INFOPLIST_KEY_UIApplicationSupportsIndirectInputEvents = YES;
				INFOPLIST_KEY_UILaunchStoryboardName = LaunchScreen;
				INFOPLIST_KEY_UIMainStoryboardFile = Main;
				INFOPLIST_KEY_UISupportedInterfaceOrientations = UIInterfaceOrientationPortrait;
				INFOPLIST_KEY_UISupportedInterfaceOrientations_iPad = "UIInterfaceOrientationLandscapeLeft UIInterfaceOrientationLandscapeRight UIInterfaceOrientationPortrait UIInterfaceOrientationPortraitUpsideDown";
				INFOPLIST_KEY_UIUserInterfaceStyle = Dark;
				IPHONEOS_DEPLOYMENT_TARGET = 14;
				LD_RUNPATH_SEARCH_PATHS = (
					"$(inherited)",
					"@executable_path/Frameworks",
				);
				MARKETING_VERSION = 1.0.2;
				PRODUCT_BUNDLE_IDENTIFIER = com.FreshlPantry;
				PRODUCT_NAME = "$(TARGET_NAME)";
				PROVISIONING_PROFILE_SPECIFIER = "";
				SUPPORTED_PLATFORMS = "iphoneos iphonesimulator";
				SUPPORTS_MACCATALYST = NO;
				SUPPORTS_MAC_DESIGNED_FOR_IPHONE_IPAD = NO;
				SUPPORTS_XR_DESIGNED_FOR_IPHONE_IPAD = NO;
				SWIFT_EMIT_LOC_STRINGS = YES;
				SWIFT_VERSION = 5.0;
				TARGETED_DEVICE_FAMILY = 1;
			};
			name = Release;
		};
		642E90A62E3E713F0097B712 /* Debug */ = {
			isa = XCBuildConfiguration;
			buildSettings = {
				ALWAYS_SEARCH_USER_PATHS = NO;
				ASSETCATALOG_COMPILER_GENERATE_SWIFT_ASSET_SYMBOL_EXTENSIONS = YES;
				CLANG_ANALYZER_NONNULL = YES;
				CLANG_ANALYZER_NUMBER_OBJECT_CONVERSION = YES_AGGRESSIVE;
				CLANG_CXX_LANGUAGE_STANDARD = "gnu++20";
				CLANG_ENABLE_MODULES = YES;
				CLANG_ENABLE_OBJC_ARC = YES;
				CLANG_ENABLE_OBJC_WEAK = YES;
				CLANG_WARN_BLOCK_CAPTURE_AUTORELEASING = YES;
				CLANG_WARN_BOOL_CONVERSION = YES;
				CLANG_WARN_COMMA = YES;
				CLANG_WARN_CONSTANT_CONVERSION = YES;
				CLANG_WARN_DEPRECATED_OBJC_IMPLEMENTATIONS = YES;
				CLANG_WARN_DIRECT_OBJC_ISA_USAGE = YES_ERROR;
				CLANG_WARN_DOCUMENTATION_COMMENTS = YES;
				CLANG_WARN_EMPTY_BODY = YES;
				CLANG_WARN_ENUM_CONVERSION = YES;
				CLANG_WARN_INFINITE_RECURSION = YES;
				CLANG_WARN_INT_CONVERSION = YES;
				CLANG_WARN_NON_LITERAL_NULL_CONVERSION = YES;
				CLANG_WARN_OBJC_IMPLICIT_RETAIN_SELF = YES;
				CLANG_WARN_OBJC_LITERAL_CONVERSION = YES;
				CLANG_WARN_OBJC_ROOT_CLASS = YES_ERROR;
				CLANG_WARN_QUOTED_INCLUDE_IN_FRAMEWORK_HEADER = YES;
				CLANG_WARN_RANGE_LOOP_ANALYSIS = YES;
				CLANG_WARN_STRICT_PROTOTYPES = YES;
				CLANG_WARN_SUSPICIOUS_MOVE = YES;
				CLANG_WARN_UNGUARDED_AVAILABILITY = YES_AGGRESSIVE;
				CLANG_WARN_UNREACHABLE_CODE = YES;
				CLANG_WARN__DUPLICATE_METHOD_MATCH = YES;
				COPY_PHASE_STRIP = NO;
				DEBUG_INFORMATION_FORMAT = dwarf;
				ENABLE_STRICT_OBJC_MSGSEND = YES;
				ENABLE_TESTABILITY = YES;
				ENABLE_USER_SCRIPT_SANDBOXING = YES;
				GCC_C_LANGUAGE_STANDARD = gnu17;
				GCC_DYNAMIC_NO_PIC = NO;
				GCC_NO_COMMON_BLOCKS = YES;
				GCC_OPTIMIZATION_LEVEL = 0;
				GCC_PREPROCESSOR_DEFINITIONS = (
					"DEBUG=1",
					"$(inherited)",
				);
				GCC_WARN_64_TO_32_BIT_CONVERSION = YES;
				GCC_WARN_ABOUT_RETURN_TYPE = YES_ERROR;
				GCC_WARN_UNDECLARED_SELECTOR = YES;
				GCC_WARN_UNINITIALIZED_AUTOS = YES_AGGRESSIVE;
				GCC_WARN_UNUSED_FUNCTION = YES;
				GCC_WARN_UNUSED_VARIABLE = YES;
				IPHONEOS_DEPLOYMENT_TARGET = 18.4;
				LOCALIZATION_PREFERS_STRING_CATALOGS = YES;
				MTL_ENABLE_DEBUG_INFO = INCLUDE_SOURCE;
				MTL_FAST_MATH = YES;
				ONLY_ACTIVE_ARCH = YES;
				SDKROOT = iphoneos;
				SWIFT_ACTIVE_COMPILATION_CONDITIONS = "DEBUG $(inherited)";
				SWIFT_OPTIMIZATION_LEVEL = "-Onone";
			};
			name = Debug;
		};
		642E90A72E3E713F0097B712 /* Release */ = {
			isa = XCBuildConfiguration;
			buildSettings = {
				ALWAYS_SEARCH_USER_PATHS = NO;
				ASSETCATALOG_COMPILER_GENERATE_SWIFT_ASSET_SYMBOL_EXTENSIONS = YES;
				CLANG_ANALYZER_NONNULL = YES;
				CLANG_ANALYZER_NUMBER_OBJECT_CONVERSION = YES_AGGRESSIVE;
				CLANG_CXX_LANGUAGE_STANDARD = "gnu++20";
				CLANG_ENABLE_MODULES = YES;
				CLANG_ENABLE_OBJC_ARC = YES;
				CLANG_ENABLE_OBJC_WEAK = YES;
				CLANG_WARN_BLOCK_CAPTURE_AUTORELEASING = YES;
				CLANG_WARN_BOOL_CONVERSION = YES;
				CLANG_WARN_COMMA = YES;
				CLANG_WARN_CONSTANT_CONVERSION = YES;
				CLANG_WARN_DEPRECATED_OBJC_IMPLEMENTATIONS = YES;
				CLANG_WARN_DIRECT_OBJC_ISA_USAGE = YES_ERROR;
				CLANG_WARN_DOCUMENTATION_COMMENTS = YES;
				CLANG_WARN_EMPTY_BODY = YES;
				CLANG_WARN_ENUM_CONVERSION = YES;
				CLANG_WARN_INFINITE_RECURSION = YES;
				CLANG_WARN_INT_CONVERSION = YES;
				CLANG_WARN_NON_LITERAL_NULL_CONVERSION = YES;
				CLANG_WARN_OBJC_IMPLICIT_RETAIN_SELF = YES;
				CLANG_WARN_OBJC_LITERAL_CONVERSION = YES;
				CLANG_WARN_OBJC_ROOT_CLASS = YES_ERROR;
				CLANG_WARN_QUOTED_INCLUDE_IN_FRAMEWORK_HEADER = YES;
				CLANG_WARN_RANGE_LOOP_ANALYSIS = YES;
				CLANG_WARN_STRICT_PROTOTYPES = YES;
				CLANG_WARN_SUSPICIOUS_MOVE = YES;
				CLANG_WARN_UNGUARDED_AVAILABILITY = YES_AGGRESSIVE;
				CLANG_WARN_UNREACHABLE_CODE = YES;
				CLANG_WARN__DUPLICATE_METHOD_MATCH = YES;
				COPY_PHASE_STRIP = NO;
				DEBUG_INFORMATION_FORMAT = "dwarf-with-dsym";
				ENABLE_NS_ASSERTIONS = NO;
				ENABLE_STRICT_OBJC_MSGSEND = YES;
				ENABLE_USER_SCRIPT_SANDBOXING = YES;
				GCC_C_LANGUAGE_STANDARD = gnu17;
				GCC_NO_COMMON_BLOCKS = YES;
				GCC_WARN_64_TO_32_BIT_CONVERSION = YES;
				GCC_WARN_ABOUT_RETURN_TYPE = YES_ERROR;
				GCC_WARN_UNDECLARED_SELECTOR = YES;
				GCC_WARN_UNINITIALIZED_AUTOS = YES_AGGRESSIVE;
				GCC_WARN_UNUSED_FUNCTION = YES;
				GCC_WARN_UNUSED_VARIABLE = YES;
				IPHONEOS_DEPLOYMENT_TARGET = 18.4;
				LOCALIZATION_PREFERS_STRING_CATALOGS = YES;
				MTL_ENABLE_DEBUG_INFO = NO;
				MTL_FAST_MATH = YES;
				SDKROOT = iphoneos;
				SWIFT_COMPILATION_MODE = wholemodule;
				VALIDATE_PRODUCT = YES;
			};
			name = Release;
		};
/* End XCBuildConfiguration section */

/* Begin XCConfigurationList section */
		04B1C47E2E44C2C500FE000C /* Build configuration list for PBXNativeTarget "OneSignalNotificationServiceExtension" */ = {
			isa = XCConfigurationList;
			buildConfigurations = (
				04B1C47F2E44C2C500FE000C /* Debug */,
				04B1C4802E44C2C500FE000C /* Release */,
			);
			defaultConfigurationIsVisible = 0;
			defaultConfigurationName = Release;
		};
		642E908B2E3E713D0097B712 /* Build configuration list for PBXProject "FresherAPP" */ = {
			isa = XCConfigurationList;
			buildConfigurations = (
				642E90A62E3E713F0097B712 /* Debug */,
				642E90A72E3E713F0097B712 /* Release */,
			);
			defaultConfigurationIsVisible = 0;
			defaultConfigurationName = Release;
		};
		642E90A32E3E713F0097B712 /* Build configuration list for PBXNativeTarget "FresherAPP" */ = {
			isa = XCConfigurationList;
			buildConfigurations = (
				642E90A42E3E713F0097B712 /* Debug */,
				642E90A52E3E713F0097B712 /* Release */,
			);
			defaultConfigurationIsVisible = 0;
			defaultConfigurationName = Release;
		};
/* End XCConfigurationList section */

/* Begin XCRemoteSwiftPackageReference section */
		04B1C46C2E44C15400FE000C /* XCRemoteSwiftPackageReference "OneSignal-XCFramework" */ = {
			isa = XCRemoteSwiftPackageReference;
			repositoryURL = "https://github.com/OneSignal/OneSignal-XCFramework";
			requirement = {
				kind = versionRange;
				maximumVersion = 4.0.0;
				minimumVersion = 3.0.0;
			};
		};
		642E90BB2E40F9B90097B712 /* XCRemoteSwiftPackageReference "realm-swift" */ = {
			isa = XCRemoteSwiftPackageReference;
			repositoryURL = "https://github.com/realm/realm-swift";
			requirement = {
				branch = master;
				kind = branch;
			};
		};
/* End XCRemoteSwiftPackageReference section */

/* Begin XCSwiftPackageProductDependency section */
		04B1C46D2E44C15400FE000C /* OneSignal */ = {
			isa = XCSwiftPackageProductDependency;
			package = 04B1C46C2E44C15400FE000C /* XCRemoteSwiftPackageReference "OneSignal-XCFramework" */;
			productName = OneSignal;
		};
		04B1C46F2E44C15400FE000C /* OneSignalExtension */ = {
			isa = XCSwiftPackageProductDependency;
			package = 04B1C46C2E44C15400FE000C /* XCRemoteSwiftPackageReference "OneSignal-XCFramework" */;
			productName = OneSignalExtension;
		};
		642E90BC2E40F9B90097B712 /* RealmSwift */ = {
			isa = XCSwiftPackageProductDependency;
			package = 642E90BB2E40F9B90097B712 /* XCRemoteSwiftPackageReference "realm-swift" */;
			productName = RealmSwift;
		};
/* End XCSwiftPackageProductDependency section */
	};
	rootObject = 642E90882E3E713D0097B712 /* Project object */;
}
